// !$*UTF8*$!
{
	archiveVersion = 1;
	classes = {
	};
	objectVersion = 55;
	objects = {

/* Begin PBXBuildFile section */
		8F114338289B34C000FE6F0E /* TitleCollectionViewCell.swift in Sources */ = {isa = PBXBuildFile; fileRef = 8F114337289B34C000FE6F0E /* TitleCollectionViewCell.swift */; };
		8F11433B289B384F00FE6F0E /* SDWebImage in Frameworks */ = {isa = PBXBuildFile; productRef = 8F11433A289B384F00FE6F0E /* SDWebImage */; };
		8F11433D289B384F00FE6F0E /* SDWebImageMapKit in Frameworks */ = {isa = PBXBuildFile; productRef = 8F11433C289B384F00FE6F0E /* SDWebImageMapKit */; };
		8F2CCEBA28554BC6006C95C3 /* HomeHeaderUIView.swift in Sources */ = {isa = PBXBuildFile; fileRef = 8F2CCEB928554BC6006C95C3 /* HomeHeaderUIView.swift */; };
		8F3633C92899E6A100E1EE87 /* Extensions.swift in Sources */ = {isa = PBXBuildFile; fileRef = 8F3633C82899E6A100E1EE87 /* Extensions.swift */; };
		8F5476322853B2F500CCE746 /* AppDelegate.swift in Sources */ = {isa = PBXBuildFile; fileRef = 8F5476312853B2F500CCE746 /* AppDelegate.swift */; };
		8F5476342853B2F500CCE746 /* SceneDelegate.swift in Sources */ = {isa = PBXBuildFile; fileRef = 8F5476332853B2F500CCE746 /* SceneDelegate.swift */; };
		8F5476362853B2F500CCE746 /* MainTabBarController.swift in Sources */ = {isa = PBXBuildFile; fileRef = 8F5476352853B2F500CCE746 /* MainTabBarController.swift */; };
		8F54763B2853B2F700CCE746 /* Assets.xcassets in Resources */ = {isa = PBXBuildFile; fileRef = 8F54763A2853B2F700CCE746 /* Assets.xcassets */; };
		8F54763E2853B2F700CCE746 /* LaunchScreen.storyboard in Resources */ = {isa = PBXBuildFile; fileRef = 8F54763C2853B2F700CCE746 /* LaunchScreen.storyboard */; };
		8F5476492853B2F800CCE746 /* Neflix_CloneTests.swift in Sources */ = {isa = PBXBuildFile; fileRef = 8F5476482853B2F800CCE746 /* Neflix_CloneTests.swift */; };
		8F5476532853B2F800CCE746 /* Neflix_CloneUITests.swift in Sources */ = {isa = PBXBuildFile; fileRef = 8F5476522853B2F800CCE746 /* Neflix_CloneUITests.swift */; };
		8F5476552853B2F800CCE746 /* Neflix_CloneUITestsLaunchTests.swift in Sources */ = {isa = PBXBuildFile; fileRef = 8F5476542853B2F800CCE746 /* Neflix_CloneUITestsLaunchTests.swift */; };
		8F5476632853B5E800CCE746 /* HomeViewController.swift in Sources */ = {isa = PBXBuildFile; fileRef = 8F5476622853B5E800CCE746 /* HomeViewController.swift */; };
		8F5476652853B60B00CCE746 /* UpcomingViewController.swift in Sources */ = {isa = PBXBuildFile; fileRef = 8F5476642853B60B00CCE746 /* UpcomingViewController.swift */; };
		8F5476672853B61E00CCE746 /* SearchViewController.swift in Sources */ = {isa = PBXBuildFile; fileRef = 8F5476662853B61E00CCE746 /* SearchViewController.swift */; };
		8F5476692853B63B00CCE746 /* DownloadsViewController.swift in Sources */ = {isa = PBXBuildFile; fileRef = 8F5476682853B63B00CCE746 /* DownloadsViewController.swift */; };
		8F5476702853D4FE00CCE746 /* CollectionViewTableViewCell.swift in Sources */ = {isa = PBXBuildFile; fileRef = 8F54766F2853D4FE00CCE746 /* CollectionViewTableViewCell.swift */; };
		8F781C382894674900F781BC /* APICaller.swift in Sources */ = {isa = PBXBuildFile; fileRef = 8F781C372894674900F781BC /* APICaller.swift */; };
		8F781C3A2894867D00F781BC /* Movie.swift in Sources */ = {isa = PBXBuildFile; fileRef = 8F781C392894867D00F781BC /* Movie.swift */; };
/* End PBXBuildFile section */

/* Begin PBXContainerItemProxy section */
		8F5476452853B2F800CCE746 /* PBXContainerItemProxy */ = {
			isa = PBXContainerItemProxy;
			containerPortal = 8F5476262853B2F500CCE746 /* Project object */;
			proxyType = 1;
			remoteGlobalIDString = 8F54762D2853B2F500CCE746;
			remoteInfo = "Neflix-Clone";
		};
		8F54764F2853B2F800CCE746 /* PBXContainerItemProxy */ = {
			isa = PBXContainerItemProxy;
			containerPortal = 8F5476262853B2F500CCE746 /* Project object */;
			proxyType = 1;
			remoteGlobalIDString = 8F54762D2853B2F500CCE746;
			remoteInfo = "Neflix-Clone";
		};
/* End PBXContainerItemProxy section */

/* Begin PBXFileReference section */
		8F114337289B34C000FE6F0E /* TitleCollectionViewCell.swift */ = {isa = PBXFileReference; lastKnownFileType = sourcecode.swift; path = TitleCollectionViewCell.swift; sourceTree = "<group>"; };
		8F2CCEB928554BC6006C95C3 /* HomeHeaderUIView.swift */ = {isa = PBXFileReference; lastKnownFileType = sourcecode.swift; path = HomeHeaderUIView.swift; sourceTree = "<group>"; };
		8F3633C82899E6A100E1EE87 /* Extensions.swift */ = {isa = PBXFileReference; lastKnownFileType = sourcecode.swift; path = Extensions.swift; sourceTree = "<group>"; };
		8F54762E2853B2F500CCE746 /* Neflix-Clone.app */ = {isa = PBXFileReference; explicitFileType = wrapper.application; includeInIndex = 0; path = "Neflix-Clone.app"; sourceTree = BUILT_PRODUCTS_DIR; };
		8F5476312853B2F500CCE746 /* AppDelegate.swift */ = {isa = PBXFileReference; lastKnownFileType = sourcecode.swift; path = AppDelegate.swift; sourceTree = "<group>"; };
		8F5476332853B2F500CCE746 /* SceneDelegate.swift */ = {isa = PBXFileReference; lastKnownFileType = sourcecode.swift; path = SceneDelegate.swift; sourceTree = "<group>"; };
		8F5476352853B2F500CCE746 /* MainTabBarController.swift */ = {isa = PBXFileReference; lastKnownFileType = sourcecode.swift; path = MainTabBarController.swift; sourceTree = "<group>"; };
		8F54763A2853B2F700CCE746 /* Assets.xcassets */ = {isa = PBXFileReference; lastKnownFileType = folder.assetcatalog; path = Assets.xcassets; sourceTree = "<group>"; };
		8F54763D2853B2F700CCE746 /* Base */ = {isa = PBXFileReference; lastKnownFileType = file.storyboard; name = Base; path = Base.lproj/LaunchScreen.storyboard; sourceTree = "<group>"; };
		8F54763F2853B2F700CCE746 /* Info.plist */ = {isa = PBXFileReference; lastKnownFileType = text.plist.xml; path = Info.plist; sourceTree = "<group>"; };
		8F5476442853B2F800CCE746 /* Neflix-CloneTests.xctest */ = {isa = PBXFileReference; explicitFileType = wrapper.cfbundle; includeInIndex = 0; path = "Neflix-CloneTests.xctest"; sourceTree = BUILT_PRODUCTS_DIR; };
		8F5476482853B2F800CCE746 /* Neflix_CloneTests.swift */ = {isa = PBXFileReference; lastKnownFileType = sourcecode.swift; path = Neflix_CloneTests.swift; sourceTree = "<group>"; };
		8F54764E2853B2F800CCE746 /* Neflix-CloneUITests.xctest */ = {isa = PBXFileReference; explicitFileType = wrapper.cfbundle; includeInIndex = 0; path = "Neflix-CloneUITests.xctest"; sourceTree = BUILT_PRODUCTS_DIR; };
		8F5476522853B2F800CCE746 /* Neflix_CloneUITests.swift */ = {isa = PBXFileReference; lastKnownFileType = sourcecode.swift; path = Neflix_CloneUITests.swift; sourceTree = "<group>"; };
		8F5476542853B2F800CCE746 /* Neflix_CloneUITestsLaunchTests.swift */ = {isa = PBXFileReference; lastKnownFileType = sourcecode.swift; path = Neflix_CloneUITestsLaunchTests.swift; sourceTree = "<group>"; };
		8F5476622853B5E800CCE746 /* HomeViewController.swift */ = {isa = PBXFileReference; lastKnownFileType = sourcecode.swift; path = HomeViewController.swift; sourceTree = "<group>"; };
		8F5476642853B60B00CCE746 /* UpcomingViewController.swift */ = {isa = PBXFileReference; lastKnownFileType = sourcecode.swift; path = UpcomingViewController.swift; sourceTree = "<group>"; };
		8F5476662853B61E00CCE746 /* SearchViewController.swift */ = {isa = PBXFileReference; lastKnownFileType = sourcecode.swift; path = SearchViewController.swift; sourceTree = "<group>"; };
		8F5476682853B63B00CCE746 /* DownloadsViewController.swift */ = {isa = PBXFileReference; lastKnownFileType = sourcecode.swift; path = DownloadsViewController.swift; sourceTree = "<group>"; };
		8F54766F2853D4FE00CCE746 /* CollectionViewTableViewCell.swift */ = {isa = PBXFileReference; lastKnownFileType = sourcecode.swift; path = CollectionViewTableViewCell.swift; sourceTree = "<group>"; };
		8F781C372894674900F781BC /* APICaller.swift */ = {isa = PBXFileReference; lastKnownFileType = sourcecode.swift; path = APICaller.swift; sourceTree = "<group>"; };
		8F781C392894867D00F781BC /* Movie.swift */ = {isa = PBXFileReference; lastKnownFileType = sourcecode.swift; path = Movie.swift; sourceTree = "<group>"; };
/* End PBXFileReference section */

/* Begin PBXFrameworksBuildPhase section */
		8F54762B2853B2F500CCE746 /* Frameworks */ = {
			isa = PBXFrameworksBuildPhase;
			buildActionMask = 2147483647;
			files = (
				8F11433D289B384F00FE6F0E /* SDWebImageMapKit in Frameworks */,
				8F11433B289B384F00FE6F0E /* SDWebImage in Frameworks */,
			);
			runOnlyForDeploymentPostprocessing = 0;
		};
		8F5476412853B2F800CCE746 /* Frameworks */ = {
			isa = PBXFrameworksBuildPhase;
			buildActionMask = 2147483647;
			files = (
			);
			runOnlyForDeploymentPostprocessing = 0;
		};
		8F54764B2853B2F800CCE746 /* Frameworks */ = {
			isa = PBXFrameworksBuildPhase;
			buildActionMask = 2147483647;
			files = (
			);
			runOnlyForDeploymentPostprocessing = 0;
		};
/* End PBXFrameworksBuildPhase section */

/* Begin PBXGroup section */
		8F5476252853B2F500CCE746 = {
			isa = PBXGroup;
			children = (
				8F5476302853B2F500CCE746 /* Neflix-Clone */,
				8F5476472853B2F800CCE746 /* Neflix-CloneTests */,
				8F5476512853B2F800CCE746 /* Neflix-CloneUITests */,
				8F54762F2853B2F500CCE746 /* Products */,
			);
			sourceTree = "<group>";
		};
		8F54762F2853B2F500CCE746 /* Products */ = {
			isa = PBXGroup;
			children = (
				8F54762E2853B2F500CCE746 /* Neflix-Clone.app */,
				8F5476442853B2F800CCE746 /* Neflix-CloneTests.xctest */,
				8F54764E2853B2F800CCE746 /* Neflix-CloneUITests.xctest */,
			);
			name = Products;
			sourceTree = "<group>";
		};
		8F5476302853B2F500CCE746 /* Neflix-Clone */ = {
			isa = PBXGroup;
			children = (
				8F54766E2853D47900CCE746 /* Managers */,
				8F54766D2853D47000CCE746 /* Resources */,
				8F54766A2853D41D00CCE746 /* Models */,
				8F54766B2853D42600CCE746 /* Views */,
				8F54766C2853D43B00CCE746 /* ViewModels */,
				8F5476612853B5BC00CCE746 /* ViewControllers */,
				8F5476312853B2F500CCE746 /* AppDelegate.swift */,
				8F5476332853B2F500CCE746 /* SceneDelegate.swift */,
				8F5476352853B2F500CCE746 /* MainTabBarController.swift */,
				8F54763A2853B2F700CCE746 /* Assets.xcassets */,
				8F54763C2853B2F700CCE746 /* LaunchScreen.storyboard */,
				8F54763F2853B2F700CCE746 /* Info.plist */,
			);
			path = "Neflix-Clone";
			sourceTree = "<group>";
		};
		8F5476472853B2F800CCE746 /* Neflix-CloneTests */ = {
			isa = PBXGroup;
			children = (
				8F5476482853B2F800CCE746 /* Neflix_CloneTests.swift */,
			);
			path = "Neflix-CloneTests";
			sourceTree = "<group>";
		};
		8F5476512853B2F800CCE746 /* Neflix-CloneUITests */ = {
			isa = PBXGroup;
			children = (
				8F5476522853B2F800CCE746 /* Neflix_CloneUITests.swift */,
				8F5476542853B2F800CCE746 /* Neflix_CloneUITestsLaunchTests.swift */,
			);
			path = "Neflix-CloneUITests";
			sourceTree = "<group>";
		};
		8F5476612853B5BC00CCE746 /* ViewControllers */ = {
			isa = PBXGroup;
			children = (
				8F5476622853B5E800CCE746 /* HomeViewController.swift */,
				8F5476642853B60B00CCE746 /* UpcomingViewController.swift */,
				8F5476662853B61E00CCE746 /* SearchViewController.swift */,
				8F5476682853B63B00CCE746 /* DownloadsViewController.swift */,
			);
			path = ViewControllers;
			sourceTree = "<group>";
		};
		8F54766A2853D41D00CCE746 /* Models */ = {
			isa = PBXGroup;
			children = (
				8F781C392894867D00F781BC /* Movie.swift */,
			);
			path = Models;
			sourceTree = "<group>";
		};
		8F54766B2853D42600CCE746 /* Views */ = {
			isa = PBXGroup;
			children = (
				8F54766F2853D4FE00CCE746 /* CollectionViewTableViewCell.swift */,
				8F2CCEB928554BC6006C95C3 /* HomeHeaderUIView.swift */,
				8F114337289B34C000FE6F0E /* TitleCollectionViewCell.swift */,
			);
			path = Views;
			sourceTree = "<group>";
		};
		8F54766C2853D43B00CCE746 /* ViewModels */ = {
			isa = PBXGroup;
			children = (
			);
			path = ViewModels;
			sourceTree = "<group>";
		};
		8F54766D2853D47000CCE746 /* Resources */ = {
			isa = PBXGroup;
			children = (
				8F3633C82899E6A100E1EE87 /* Extensions.swift */,
			);
			path = Resources;
			sourceTree = "<group>";
		};
		8F54766E2853D47900CCE746 /* Managers */ = {
			isa = PBXGroup;
			children = (
				8F781C372894674900F781BC /* APICaller.swift */,
			);
			path = Managers;
			sourceTree = "<group>";
		};
/* End PBXGroup section */

/* Begin PBXNativeTarget section */
		8F54762D2853B2F500CCE746 /* Neflix-Clone */ = {
			isa = PBXNativeTarget;
			buildConfigurationList = 8F5476582853B2F800CCE746 /* Build configuration list for PBXNativeTarget "Neflix-Clone" */;
			buildPhases = (
				8F54762A2853B2F500CCE746 /* Sources */,
				8F54762B2853B2F500CCE746 /* Frameworks */,
				8F54762C2853B2F500CCE746 /* Resources */,
			);
			buildRules = (
			);
			dependencies = (
			);
			name = "Neflix-Clone";
			packageProductDependencies = (
				8F11433A289B384F00FE6F0E /* SDWebImage */,
				8F11433C289B384F00FE6F0E /* SDWebImageMapKit */,
			);
			productName = "Neflix-Clone";
			productReference = 8F54762E2853B2F500CCE746 /* Neflix-Clone.app */;
			productType = "com.apple.product-type.application";
		};
		8F5476432853B2F800CCE746 /* Neflix-CloneTests */ = {
			isa = PBXNativeTarget;
			buildConfigurationList = 8F54765B2853B2F800CCE746 /* Build configuration list for PBXNativeTarget "Neflix-CloneTests" */;
			buildPhases = (
				8F5476402853B2F800CCE746 /* Sources */,
				8F5476412853B2F800CCE746 /* Frameworks */,
				8F5476422853B2F800CCE746 /* Resources */,
			);
			buildRules = (
			);
			dependencies = (
				8F5476462853B2F800CCE746 /* PBXTargetDependency */,
			);
			name = "Neflix-CloneTests";
			productName = "Neflix-CloneTests";
			productReference = 8F5476442853B2F800CCE746 /* Neflix-CloneTests.xctest */;
			productType = "com.apple.product-type.bundle.unit-test";
		};
		8F54764D2853B2F800CCE746 /* Neflix-CloneUITests */ = {
			isa = PBXNativeTarget;
			buildConfigurationList = 8F54765E2853B2F800CCE746 /* Build configuration list for PBXNativeTarget "Neflix-CloneUITests" */;
			buildPhases = (
				8F54764A2853B2F800CCE746 /* Sources */,
				8F54764B2853B2F800CCE746 /* Frameworks */,
				8F54764C2853B2F800CCE746 /* Resources */,
			);
			buildRules = (
			);
			dependencies = (
				8F5476502853B2F800CCE746 /* PBXTargetDependency */,
			);
			name = "Neflix-CloneUITests";
			productName = "Neflix-CloneUITests";
			productReference = 8F54764E2853B2F800CCE746 /* Neflix-CloneUITests.xctest */;
			productType = "com.apple.product-type.bundle.ui-testing";
		};
/* End PBXNativeTarget section */

/* Begin PBXProject section */
		8F5476262853B2F500CCE746 /* Project object */ = {
			isa = PBXProject;
			attributes = {
				BuildIndependentTargetsInParallel = 1;
				LastSwiftUpdateCheck = 1340;
				LastUpgradeCheck = 1340;
				TargetAttributes = {
					8F54762D2853B2F500CCE746 = {
						CreatedOnToolsVersion = 13.4;
					};
					8F5476432853B2F800CCE746 = {
						CreatedOnToolsVersion = 13.4;
						TestTargetID = 8F54762D2853B2F500CCE746;
					};
					8F54764D2853B2F800CCE746 = {
						CreatedOnToolsVersion = 13.4;
						TestTargetID = 8F54762D2853B2F500CCE746;
					};
				};
			};
			buildConfigurationList = 8F5476292853B2F500CCE746 /* Build configuration list for PBXProject "Neflix-Clone" */;
			compatibilityVersion = "Xcode 13.0";
			developmentRegion = en;
			hasScannedForEncodings = 0;
			knownRegions = (
				en,
				Base,
			);
			mainGroup = 8F5476252853B2F500CCE746;
			packageReferences = (
				8F114339289B384F00FE6F0E /* XCRemoteSwiftPackageReference "SDWebImage" */,
			);
			productRefGroup = 8F54762F2853B2F500CCE746 /* Products */;
			projectDirPath = "";
			projectRoot = "";
			targets = (
				8F54762D2853B2F500CCE746 /* Neflix-Clone */,
				8F5476432853B2F800CCE746 /* Neflix-CloneTests */,
				8F54764D2853B2F800CCE746 /* Neflix-CloneUITests */,
			);
		};
/* End PBXProject section */

/* Begin PBXResourcesBuildPhase section */
		8F54762C2853B2F500CCE746 /* Resources */ = {
			isa = PBXResourcesBuildPhase;
			buildActionMask = 2147483647;
			files = (
				8F54763E2853B2F700CCE746 /* LaunchScreen.storyboard in Resources */,
				8F54763B2853B2F700CCE746 /* Assets.xcassets in Resources */,
			);
			runOnlyForDeploymentPostprocessing = 0;
		};
		8F5476422853B2F800CCE746 /* Resources */ = {
			isa = PBXResourcesBuildPhase;
			buildActionMask = 2147483647;
			files = (
			);
			runOnlyForDeploymentPostprocessing = 0;
		};
		8F54764C2853B2F800CCE746 /* Resources */ = {
			isa = PBXResourcesBuildPhase;
			buildActionMask = 2147483647;
			files = (
			);
			runOnlyForDeploymentPostprocessing = 0;
		};
/* End PBXResourcesBuildPhase section */

/* Begin PBXSourcesBuildPhase section */
		8F54762A2853B2F500CCE746 /* Sources */ = {
			isa = PBXSourcesBuildPhase;
			buildActionMask = 2147483647;
			files = (
				8F5476672853B61E00CCE746 /* SearchViewController.swift in Sources */,
				8F114338289B34C000FE6F0E /* TitleCollectionViewCell.swift in Sources */,
				8F5476362853B2F500CCE746 /* MainTabBarController.swift in Sources */,
				8F5476702853D4FE00CCE746 /* CollectionViewTableViewCell.swift in Sources */,
				8F781C382894674900F781BC /* APICaller.swift in Sources */,
				8F5476692853B63B00CCE746 /* DownloadsViewController.swift in Sources */,
				8F5476322853B2F500CCE746 /* AppDelegate.swift in Sources */,
				8F5476342853B2F500CCE746 /* SceneDelegate.swift in Sources */,
				8F3633C92899E6A100E1EE87 /* Extensions.swift in Sources */,
				8F5476652853B60B00CCE746 /* UpcomingViewController.swift in Sources */,
				8F5476632853B5E800CCE746 /* HomeViewController.swift in Sources */,
				8F781C3A2894867D00F781BC /* Movie.swift in Sources */,
				8F2CCEBA28554BC6006C95C3 /* HomeHeaderUIView.swift in Sources */,
			);
			runOnlyForDeploymentPostprocessing = 0;
		};
		8F5476402853B2F800CCE746 /* Sources */ = {
			isa = PBXSourcesBuildPhase;
			buildActionMask = 2147483647;
			files = (
				8F5476492853B2F800CCE746 /* Neflix_CloneTests.swift in Sources */,
			);
			runOnlyForDeploymentPostprocessing = 0;
		};
		8F54764A2853B2F800CCE746 /* Sources */ = {
			isa = PBXSourcesBuildPhase;
			buildActionMask = 2147483647;
			files = (
				8F5476552853B2F800CCE746 /* Neflix_CloneUITestsLaunchTests.swift in Sources */,
				8F5476532853B2F800CCE746 /* Neflix_CloneUITests.swift in Sources */,
			);
			runOnlyForDeploymentPostprocessing = 0;
		};
/* End PBXSourcesBuildPhase section */

/* Begin PBXTargetDependency section */
		8F5476462853B2F800CCE746 /* PBXTargetDependency */ = {
			isa = PBXTargetDependency;
			target = 8F54762D2853B2F500CCE746 /* Neflix-Clone */;
			targetProxy = 8F5476452853B2F800CCE746 /* PBXContainerItemProxy */;
		};
		8F5476502853B2F800CCE746 /* PBXTargetDependency */ = {
			isa = PBXTargetDependency;
			target = 8F54762D2853B2F500CCE746 /* Neflix-Clone */;
			targetProxy = 8F54764F2853B2F800CCE746 /* PBXContainerItemProxy */;
		};
/* End PBXTargetDependency section */

/* Begin PBXVariantGroup section */
		8F54763C2853B2F700CCE746 /* LaunchScreen.storyboard */ = {
			isa = PBXVariantGroup;
			children = (
				8F54763D2853B2F700CCE746 /* Base */,
			);
			name = LaunchScreen.storyboard;
			sourceTree = "<group>";
		};
/* End PBXVariantGroup section */

/* Begin XCBuildConfiguration section */
		8F5476562853B2F800CCE746 /* Debug */ = {
			isa = XCBuildConfiguration;
			buildSettings = {
				ALWAYS_SEARCH_USER_PATHS = NO;
				CLANG_ANALYZER_NONNULL = YES;
				CLANG_ANALYZER_NUMBER_OBJECT_CONVERSION = YES_AGGRESSIVE;
				CLANG_CXX_LANGUAGE_STANDARD = "gnu++17";
				CLANG_ENABLE_MODULES = YES;
				CLANG_ENABLE_OBJC_ARC = YES;
				CLANG_ENABLE_OBJC_WEAK = YES;
				CLANG_WARN_BLOCK_CAPTURE_AUTORELEASING = YES;
				CLANG_WARN_BOOL_CONVERSION = YES;
				CLANG_WARN_COMMA = YES;
				CLANG_WARN_CONSTANT_CONVERSION = YES;
				CLANG_WARN_DEPRECATED_OBJC_IMPLEMENTATIONS = YES;
				CLANG_WARN_DIRECT_OBJC_ISA_USAGE = YES_ERROR;
				CLANG_WARN_DOCUMENTATION_COMMENTS = YES;
				CLANG_WARN_EMPTY_BODY = YES;
				CLANG_WARN_ENUM_CONVERSION = YES;
				CLANG_WARN_INFINITE_RECURSION = YES;
				CLANG_WARN_INT_CONVERSION = YES;
				CLANG_WARN_NON_LITERAL_NULL_CONVERSION = YES;
				CLANG_WARN_OBJC_IMPLICIT_RETAIN_SELF = YES;
				CLANG_WARN_OBJC_LITERAL_CONVERSION = YES;
				CLANG_WARN_OBJC_ROOT_CLASS = YES_ERROR;
				CLANG_WARN_QUOTED_INCLUDE_IN_FRAMEWORK_HEADER = YES;
				CLANG_WARN_RANGE_LOOP_ANALYSIS = YES;
				CLANG_WARN_STRICT_PROTOTYPES = YES;
				CLANG_WARN_SUSPICIOUS_MOVE = YES;
				CLANG_WARN_UNGUARDED_AVAILABILITY = YES_AGGRESSIVE;
				CLANG_WARN_UNREACHABLE_CODE = YES;
				CLANG_WARN__DUPLICATE_METHOD_MATCH = YES;
				COPY_PHASE_STRIP = NO;
				DEBUG_INFORMATION_FORMAT = dwarf;
				ENABLE_STRICT_OBJC_MSGSEND = YES;
				ENABLE_TESTABILITY = YES;
				GCC_C_LANGUAGE_STANDARD = gnu11;
				GCC_DYNAMIC_NO_PIC = NO;
				GCC_NO_COMMON_BLOCKS = YES;
				GCC_OPTIMIZATION_LEVEL = 0;
				GCC_PREPROCESSOR_DEFINITIONS = (
					"DEBUG=1",
					"$(inherited)",
				);
				GCC_WARN_64_TO_32_BIT_CONVERSION = YES;
				GCC_WARN_ABOUT_RETURN_TYPE = YES_ERROR;
				GCC_WARN_UNDECLARED_SELECTOR = YES;
				GCC_WARN_UNINITIALIZED_AUTOS = YES_AGGRESSIVE;
				GCC_WARN_UNUSED_FUNCTION = YES;
				GCC_WARN_UNUSED_VARIABLE = YES;
				IPHONEOS_DEPLOYMENT_TARGET = 15.5;
				MTL_ENABLE_DEBUG_INFO = INCLUDE_SOURCE;
				MTL_FAST_MATH = YES;
				ONLY_ACTIVE_ARCH = YES;
				SDKROOT = iphoneos;
				SWIFT_ACTIVE_COMPILATION_CONDITIONS = DEBUG;
				SWIFT_OPTIMIZATION_LEVEL = "-Onone";
			};
			name = Debug;
		};
		8F5476572853B2F800CCE746 /* Release */ = {
			isa = XCBuildConfiguration;
			buildSettings = {
				ALWAYS_SEARCH_USER_PATHS = NO;
				CLANG_ANALYZER_NONNULL = YES;
				CLANG_ANALYZER_NUMBER_OBJECT_CONVERSION = YES_AGGRESSIVE;
				CLANG_CXX_LANGUAGE_STANDARD = "gnu++17";
				CLANG_ENABLE_MODULES = YES;
				CLANG_ENABLE_OBJC_ARC = YES;
				CLANG_ENABLE_OBJC_WEAK = YES;
				CLANG_WARN_BLOCK_CAPTURE_AUTORELEASING = YES;
				CLANG_WARN_BOOL_CONVERSION = YES;
				CLANG_WARN_COMMA = YES;
				CLANG_WARN_CONSTANT_CONVERSION = YES;
				CLANG_WARN_DEPRECATED_OBJC_IMPLEMENTATIONS = YES;
				CLANG_WARN_DIRECT_OBJC_ISA_USAGE = YES_ERROR;
				CLANG_WARN_DOCUMENTATION_COMMENTS = YES;
				CLANG_WARN_EMPTY_BODY = YES;
				CLANG_WARN_ENUM_CONVERSION = YES;
				CLANG_WARN_INFINITE_RECURSION = YES;
				CLANG_WARN_INT_CONVERSION = YES;
				CLANG_WARN_NON_LITERAL_NULL_CONVERSION = YES;
				CLANG_WARN_OBJC_IMPLICIT_RETAIN_SELF = YES;
				CLANG_WARN_OBJC_LITERAL_CONVERSION = YES;
				CLANG_WARN_OBJC_ROOT_CLASS = YES_ERROR;
				CLANG_WARN_QUOTED_INCLUDE_IN_FRAMEWORK_HEADER = YES;
				CLANG_WARN_RANGE_LOOP_ANALYSIS = YES;
				CLANG_WARN_STRICT_PROTOTYPES = YES;
				CLANG_WARN_SUSPICIOUS_MOVE = YES;
				CLANG_WARN_UNGUARDED_AVAILABILITY = YES_AGGRESSIVE;
				CLANG_WARN_UNREACHABLE_CODE = YES;
				CLANG_WARN__DUPLICATE_METHOD_MATCH = YES;
				COPY_PHASE_STRIP = NO;
				DEBUG_INFORMATION_FORMAT = "dwarf-with-dsym";
				ENABLE_NS_ASSERTIONS = NO;
				ENABLE_STRICT_OBJC_MSGSEND = YES;
				GCC_C_LANGUAGE_STANDARD = gnu11;
				GCC_NO_COMMON_BLOCKS = YES;
				GCC_WARN_64_TO_32_BIT_CONVERSION = YES;
				GCC_WARN_ABOUT_RETURN_TYPE = YES_ERROR;
				GCC_WARN_UNDECLARED_SELECTOR = YES;
				GCC_WARN_UNINITIALIZED_AUTOS = YES_AGGRESSIVE;
				GCC_WARN_UNUSED_FUNCTION = YES;
				GCC_WARN_UNUSED_VARIABLE = YES;
				IPHONEOS_DEPLOYMENT_TARGET = 15.5;
				MTL_ENABLE_DEBUG_INFO = NO;
				MTL_FAST_MATH = YES;
				SDKROOT = iphoneos;
				SWIFT_COMPILATION_MODE = wholemodule;
				SWIFT_OPTIMIZATION_LEVEL = "-O";
				VALIDATE_PRODUCT = YES;
			};
			name = Release;
		};
		8F5476592853B2F800CCE746 /* Debug */ = {
			isa = XCBuildConfiguration;
			buildSettings = {
				ASSETCATALOG_COMPILER_APPICON_NAME = AppIcon;
				ASSETCATALOG_COMPILER_GLOBAL_ACCENT_COLOR_NAME = AccentColor;
				CODE_SIGN_STYLE = Automatic;
				CURRENT_PROJECT_VERSION = 1;
				DEVELOPMENT_TEAM = LR7KZZGJY6;
				GENERATE_INFOPLIST_FILE = YES;
				INFOPLIST_FILE = "Neflix-Clone/Info.plist";
				INFOPLIST_KEY_UIApplicationSupportsIndirectInputEvents = YES;
				INFOPLIST_KEY_UILaunchStoryboardName = LaunchScreen;
				INFOPLIST_KEY_UISupportedInterfaceOrientations_iPad = "UIInterfaceOrientationPortrait UIInterfaceOrientationPortraitUpsideDown UIInterfaceOrientationLandscapeLeft UIInterfaceOrientationLandscapeRight";
				INFOPLIST_KEY_UISupportedInterfaceOrientations_iPhone = "UIInterfaceOrientationPortrait UIInterfaceOrientationLandscapeLeft UIInterfaceOrientationLandscapeRight";
				LD_RUNPATH_SEARCH_PATHS = (
					"$(inherited)",
					"@executable_path/Frameworks",
				);
				MARKETING_VERSION = 1.0;
				PRODUCT_BUNDLE_IDENTIFIER = "com.miguelrueda.Neflix-Clone";
				PRODUCT_NAME = "$(TARGET_NAME)";
				SWIFT_EMIT_LOC_STRINGS = YES;
				SWIFT_VERSION = 5.0;
				TARGETED_DEVICE_FAMILY = "1,2";
			};
			name = Debug;
		};
		8F54765A2853B2F800CCE746 /* Release */ = {
			isa = XCBuildConfiguration;
			buildSettings = {
				ASSETCATALOG_COMPILER_APPICON_NAME = AppIcon;
				ASSETCATALOG_COMPILER_GLOBAL_ACCENT_COLOR_NAME = AccentColor;
				CODE_SIGN_STYLE = Automatic;
				CURRENT_PROJECT_VERSION = 1;
				DEVELOPMENT_TEAM = LR7KZZGJY6;
				GENERATE_INFOPLIST_FILE = YES;
				INFOPLIST_FILE = "Neflix-Clone/Info.plist";
				INFOPLIST_KEY_UIApplicationSupportsIndirectInputEvents = YES;
				INFOPLIST_KEY_UILaunchStoryboardName = LaunchScreen;
				INFOPLIST_KEY_UISupportedInterfaceOrientations_iPad = "UIInterfaceOrientationPortrait UIInterfaceOrientationPortraitUpsideDown UIInterfaceOrientationLandscapeLeft UIInterfaceOrientationLandscapeRight";
				INFOPLIST_KEY_UISupportedInterfaceOrientations_iPhone = "UIInterfaceOrientationPortrait UIInterfaceOrientationLandscapeLeft UIInterfaceOrientationLandscapeRight";
				LD_RUNPATH_SEARCH_PATHS = (
					"$(inherited)",
					"@executable_path/Frameworks",
				);
				MARKETING_VERSION = 1.0;
				PRODUCT_BUNDLE_IDENTIFIER = "com.miguelrueda.Neflix-Clone";
				PRODUCT_NAME = "$(TARGET_NAME)";
				SWIFT_EMIT_LOC_STRINGS = YES;
				SWIFT_VERSION = 5.0;
				TARGETED_DEVICE_FAMILY = "1,2";
			};
			name = Release;
		};
		8F54765C2853B2F800CCE746 /* Debug */ = {
			isa = XCBuildConfiguration;
			buildSettings = {
				ALWAYS_EMBED_SWIFT_STANDARD_LIBRARIES = YES;
				BUNDLE_LOADER = "$(TEST_HOST)";
				CODE_SIGN_STYLE = Automatic;
				CURRENT_PROJECT_VERSION = 1;
				DEVELOPMENT_TEAM = LR7KZZGJY6;
				GENERATE_INFOPLIST_FILE = YES;
				IPHONEOS_DEPLOYMENT_TARGET = 15.5;
				MARKETING_VERSION = 1.0;
				PRODUCT_BUNDLE_IDENTIFIER = "com.miguelrueda.Neflix-CloneTests";
				PRODUCT_NAME = "$(TARGET_NAME)";
				SWIFT_EMIT_LOC_STRINGS = NO;
				SWIFT_VERSION = 5.0;
				TARGETED_DEVICE_FAMILY = "1,2";
				TEST_HOST = "$(BUILT_PRODUCTS_DIR)/Neflix-Clone.app/Neflix-Clone";
			};
			name = Debug;
		};
		8F54765D2853B2F800CCE746 /* Release */ = {
			isa = XCBuildConfiguration;
			buildSettings = {
				ALWAYS_EMBED_SWIFT_STANDARD_LIBRARIES = YES;
				BUNDLE_LOADER = "$(TEST_HOST)";
				CODE_SIGN_STYLE = Automatic;
				CURRENT_PROJECT_VERSION = 1;
				DEVELOPMENT_TEAM = LR7KZZGJY6;
				GENERATE_INFOPLIST_FILE = YES;
				IPHONEOS_DEPLOYMENT_TARGET = 15.5;
				MARKETING_VERSION = 1.0;
				PRODUCT_BUNDLE_IDENTIFIER = "com.miguelrueda.Neflix-CloneTests";
				PRODUCT_NAME = "$(TARGET_NAME)";
				SWIFT_EMIT_LOC_STRINGS = NO;
				SWIFT_VERSION = 5.0;
				TARGETED_DEVICE_FAMILY = "1,2";
				TEST_HOST = "$(BUILT_PRODUCTS_DIR)/Neflix-Clone.app/Neflix-Clone";
			};
			name = Release;
		};
		8F54765F2853B2F800CCE746 /* Debug */ = {
			isa = XCBuildConfiguration;
			buildSettings = {
				ALWAYS_EMBED_SWIFT_STANDARD_LIBRARIES = YES;
				CODE_SIGN_STYLE = Automatic;
				CURRENT_PROJECT_VERSION = 1;
				DEVELOPMENT_TEAM = LR7KZZGJY6;
				GENERATE_INFOPLIST_FILE = YES;
				MARKETING_VERSION = 1.0;
				PRODUCT_BUNDLE_IDENTIFIER = "com.miguelrueda.Neflix-CloneUITests";
				PRODUCT_NAME = "$(TARGET_NAME)";
				SWIFT_EMIT_LOC_STRINGS = NO;
				SWIFT_VERSION = 5.0;
				TARGETED_DEVICE_FAMILY = "1,2";
				TEST_TARGET_NAME = "Neflix-Clone";
			};
			name = Debug;
		};
		8F5476602853B2F800CCE746 /* Release */ = {
			isa = XCBuildConfiguration;
			buildSettings = {
				ALWAYS_EMBED_SWIFT_STANDARD_LIBRARIES = YES;
				CODE_SIGN_STYLE = Automatic;
				CURRENT_PROJECT_VERSION = 1;
				DEVELOPMENT_TEAM = LR7KZZGJY6;
				GENERATE_INFOPLIST_FILE = YES;
				MARKETING_VERSION = 1.0;
				PRODUCT_BUNDLE_IDENTIFIER = "com.miguelrueda.Neflix-CloneUITests";
				PRODUCT_NAME = "$(TARGET_NAME)";
				SWIFT_EMIT_LOC_STRINGS = NO;
				SWIFT_VERSION = 5.0;
				TARGETED_DEVICE_FAMILY = "1,2";
				TEST_TARGET_NAME = "Neflix-Clone";
			};
			name = Release;
		};
/* End XCBuildConfiguration section */

/* Begin XCConfigurationList section */
		8F5476292853B2F500CCE746 /* Build configuration list for PBXProject "Neflix-Clone" */ = {
			isa = XCConfigurationList;
			buildConfigurations = (
				8F5476562853B2F800CCE746 /* Debug */,
				8F5476572853B2F800CCE746 /* Release */,
			);
			defaultConfigurationIsVisible = 0;
			defaultConfigurationName = Release;
		};
		8F5476582853B2F800CCE746 /* Build configuration list for PBXNativeTarget "Neflix-Clone" */ = {
			isa = XCConfigurationList;
			buildConfigurations = (
				8F5476592853B2F800CCE746 /* Debug */,
				8F54765A2853B2F800CCE746 /* Release */,
			);
			defaultConfigurationIsVisible = 0;
			defaultConfigurationName = Release;
		};
		8F54765B2853B2F800CCE746 /* Build configuration list for PBXNativeTarget "Neflix-CloneTests" */ = {
			isa = XCConfigurationList;
			buildConfigurations = (
				8F54765C2853B2F800CCE746 /* Debug */,
				8F54765D2853B2F800CCE746 /* Release */,
			);
			defaultConfigurationIsVisible = 0;
			defaultConfigurationName = Release;
		};
		8F54765E2853B2F800CCE746 /* Build configuration list for PBXNativeTarget "Neflix-CloneUITests" */ = {
			isa = XCConfigurationList;
			buildConfigurations = (
				8F54765F2853B2F800CCE746 /* Debug */,
				8F5476602853B2F800CCE746 /* Release */,
			);
			defaultConfigurationIsVisible = 0;
			defaultConfigurationName = Release;
		};
/* End XCConfigurationList section */

/* Begin XCRemoteSwiftPackageReference section */
		8F114339289B384F00FE6F0E /* XCRemoteSwiftPackageReference "SDWebImage" */ = {
			isa = XCRemoteSwiftPackageReference;
			repositoryURL = "https://github.com/SDWebImage/SDWebImage.git";
			requirement = {
				kind = upToNextMajorVersion;
				minimumVersion = 5.0.0;
			};
		};
/* End XCRemoteSwiftPackageReference section */

/* Begin XCSwiftPackageProductDependency section */
		8F11433A289B384F00FE6F0E /* SDWebImage */ = {
			isa = XCSwiftPackageProductDependency;
			package = 8F114339289B384F00FE6F0E /* XCRemoteSwiftPackageReference "SDWebImage" */;
			productName = SDWebImage;
		};
		8F11433C289B384F00FE6F0E /* SDWebImageMapKit */ = {
			isa = XCSwiftPackageProductDependency;
			package = 8F114339289B384F00FE6F0E /* XCRemoteSwiftPackageReference "SDWebImage" */;
			productName = SDWebImageMapKit;
		};
/* End XCSwiftPackageProductDependency section */
	};
	rootObject = 8F5476262853B2F500CCE746 /* Project object */;
}
